
Microsoft Visual Studio Solution File, Format Version 12.00
# Visual Studio Version 17
VisualStudioVersion = 17.0.31912.275
MinimumVisualStudioVersion = 10.0.40219.1
Project("{2150E333-8FDC-42A3-9474-1A3956D46DE8}") = "2021", "2021", "{EF984419-9D56-4870-8EA5-C5F6C4771C21}"
EndProject
Project("{8BC9CEB8-8B4A-11D0-8D11-00A0C91BC942}") = "1a", "2021\1a\1a.vcxproj", "{1B798634-5B0A-45E3-A2C9-716E234D8A3E}"
	ProjectSection(ProjectDependencies) = postProject
		{66923612-F4D2-4AF4-BD38-C75198B319D3} = {66923612-F4D2-4AF4-BD38-C75198B319D3}
	EndProjectSection
EndProject
Project("{2150E333-8FDC-42A3-9474-1A3956D46DE8}") = "_utils", "_utils", "{2599D0CC-1286-4EF1-A28C-13EC3FA7171D}"
EndProject
Project("{8BC9CEB8-8B4A-11D0-8D11-00A0C91BC942}") = "aoc", "utils\aoc\aoc.vcxproj", "{66923612-F4D2-4AF4-BD38-C75198B319D3}"
EndProject
Project("{8BC9CEB8-8B4A-11D0-8D11-00A0C91BC942}") = "2a", "2021\2a\2a.vcxproj", "{EACDFE60-EB14-485C-BC2B-8462826E8A27}"
EndProject
Project("{8BC9CEB8-8B4A-11D0-8D11-00A0C91BC942}") = "3a", "2021\3a\3a.vcxproj", "{C0126649-3AF4-4795-90F3-552B77869300}"
EndProject
Project("{8BC9CEB8-8B4A-11D0-8D11-00A0C91BC942}") = "4a", "2021\4a\4a.vcxproj", "{09EA0BAE-37E5-4164-A650-541B389C3B23}"
EndProject
Project("{8BC9CEB8-8B4A-11D0-8D11-00A0C91BC942}") = "5a", "2021\5a\5a.vcxproj", "{42F92D7B-90CE-4D03-8121-B2E109821246}"
EndProject
Project("{8BC9CEB8-8B4A-11D0-8D11-00A0C91BC942}") = "6a", "2021\6a\6a.vcxproj", "{A5A1F20D-5523-405B-A2E0-6B2FEC2DBAB8}"
EndProject
Project("{8BC9CEB8-8B4A-11D0-8D11-00A0C91BC942}") = "7a", "2021\7a\7a.vcxproj", "{78EE4976-038F-456D-B536-626F07525F69}"
EndProject
Global
	GlobalSection(SolutionConfigurationPlatforms) = preSolution
		Debug|x64 = Debug|x64
		Debug|x86 = Debug|x86
		Release|x64 = Release|x64
		Release|x86 = Release|x86
	EndGlobalSection
	GlobalSection(ProjectConfigurationPlatforms) = postSolution
		{1B798634-5B0A-45E3-A2C9-716E234D8A3E}.Debug|x64.ActiveCfg = Debug|x64
		{1B798634-5B0A-45E3-A2C9-716E234D8A3E}.Debug|x64.Build.0 = Debug|x64
		{1B798634-5B0A-45E3-A2C9-716E234D8A3E}.Debug|x86.ActiveCfg = Debug|Win32
		{1B798634-5B0A-45E3-A2C9-716E234D8A3E}.Debug|x86.Build.0 = Debug|Win32
		{1B798634-5B0A-45E3-A2C9-716E234D8A3E}.Release|x64.ActiveCfg = Release|x64
		{1B798634-5B0A-45E3-A2C9-716E234D8A3E}.Release|x64.Build.0 = Release|x64
		{1B798634-5B0A-45E3-A2C9-716E234D8A3E}.Release|x86.ActiveCfg = Release|Win32
		{1B798634-5B0A-45E3-A2C9-716E234D8A3E}.Release|x86.Build.0 = Release|Win32
		{66923612-F4D2-4AF4-BD38-C75198B319D3}.Debug|x64.ActiveCfg = Debug|x64
		{66923612-F4D2-4AF4-BD38-C75198B319D3}.Debug|x64.Build.0 = Debug|x64
		{66923612-F4D2-4AF4-BD38-C75198B319D3}.Debug|x86.ActiveCfg = Debug|Win32
		{66923612-F4D2-4AF4-BD38-C75198B319D3}.Debug|x86.Build.0 = Debug|Win32
		{66923612-F4D2-4AF4-BD38-C75198B319D3}.Release|x64.ActiveCfg = Release|x64
		{66923612-F4D2-4AF4-BD38-C75198B319D3}.Release|x64.Build.0 = Release|x64
		{66923612-F4D2-4AF4-BD38-C75198B319D3}.Release|x86.ActiveCfg = Release|Win32
		{66923612-F4D2-4AF4-BD38-C75198B319D3}.Release|x86.Build.0 = Release|Win32
		{EACDFE60-EB14-485C-BC2B-8462826E8A27}.Debug|x64.ActiveCfg = Debug|x64
		{EACDFE60-EB14-485C-BC2B-8462826E8A27}.Debug|x64.Build.0 = Debug|x64
		{EACDFE60-EB14-485C-BC2B-8462826E8A27}.Debug|x86.ActiveCfg = Debug|Win32
		{EACDFE60-EB14-485C-BC2B-8462826E8A27}.Debug|x86.Build.0 = Debug|Win32
		{EACDFE60-EB14-485C-BC2B-8462826E8A27}.Release|x64.ActiveCfg = Release|x64
		{EACDFE60-EB14-485C-BC2B-8462826E8A27}.Release|x64.Build.0 = Release|x64
		{EACDFE60-EB14-485C-BC2B-8462826E8A27}.Release|x86.ActiveCfg = Release|Win32
		{EACDFE60-EB14-485C-BC2B-8462826E8A27}.Release|x86.Build.0 = Release|Win32
		{C0126649-3AF4-4795-90F3-552B77869300}.Debug|x64.ActiveCfg = Debug|x64
		{C0126649-3AF4-4795-90F3-552B77869300}.Debug|x64.Build.0 = Debug|x64
		{C0126649-3AF4-4795-90F3-552B77869300}.Debug|x86.ActiveCfg = Debug|Win32
		{C0126649-3AF4-4795-90F3-552B77869300}.Debug|x86.Build.0 = Debug|Win32
		{C0126649-3AF4-4795-90F3-552B77869300}.Release|x64.ActiveCfg = Release|x64
		{C0126649-3AF4-4795-90F3-552B77869300}.Release|x64.Build.0 = Release|x64
		{C0126649-3AF4-4795-90F3-552B77869300}.Release|x86.ActiveCfg = Release|Win32
		{C0126649-3AF4-4795-90F3-552B77869300}.Release|x86.Build.0 = Release|Win32
		{09EA0BAE-37E5-4164-A650-541B389C3B23}.Debug|x64.ActiveCfg = Debug|x64
		{09EA0BAE-37E5-4164-A650-541B389C3B23}.Debug|x64.Build.0 = Debug|x64
		{09EA0BAE-37E5-4164-A650-541B389C3B23}.Debug|x86.ActiveCfg = Debug|Win32
		{09EA0BAE-37E5-4164-A650-541B389C3B23}.Debug|x86.Build.0 = Debug|Win32
		{09EA0BAE-37E5-4164-A650-541B389C3B23}.Release|x64.ActiveCfg = Release|x64
		{09EA0BAE-37E5-4164-A650-541B389C3B23}.Release|x64.Build.0 = Release|x64
		{09EA0BAE-37E5-4164-A650-541B389C3B23}.Release|x86.ActiveCfg = Release|Win32
		{09EA0BAE-37E5-4164-A650-541B389C3B23}.Release|x86.Build.0 = Release|Win32
		{42F92D7B-90CE-4D03-8121-B2E109821246}.Debug|x64.ActiveCfg = Debug|x64
		{42F92D7B-90CE-4D03-8121-B2E109821246}.Debug|x64.Build.0 = Debug|x64
		{42F92D7B-90CE-4D03-8121-B2E109821246}.Debug|x86.ActiveCfg = Debug|Win32
		{42F92D7B-90CE-4D03-8121-B2E109821246}.Debug|x86.Build.0 = Debug|Win32
		{42F92D7B-90CE-4D03-8121-B2E109821246}.Release|x64.ActiveCfg = Release|x64
		{42F92D7B-90CE-4D03-8121-B2E109821246}.Release|x64.Build.0 = Release|x64
		{42F92D7B-90CE-4D03-8121-B2E109821246}.Release|x86.ActiveCfg = Release|Win32
		{42F92D7B-90CE-4D03-8121-B2E109821246}.Release|x86.Build.0 = Release|Win32
		{A5A1F20D-5523-405B-A2E0-6B2FEC2DBAB8}.Debug|x64.ActiveCfg = Debug|x64
		{A5A1F20D-5523-405B-A2E0-6B2FEC2DBAB8}.Debug|x64.Build.0 = Debug|x64
		{A5A1F20D-5523-405B-A2E0-6B2FEC2DBAB8}.Debug|x86.ActiveCfg = Debug|Win32
		{A5A1F20D-5523-405B-A2E0-6B2FEC2DBAB8}.Debug|x86.Build.0 = Debug|Win32
		{A5A1F20D-5523-405B-A2E0-6B2FEC2DBAB8}.Release|x64.ActiveCfg = Release|x64
		{A5A1F20D-5523-405B-A2E0-6B2FEC2DBAB8}.Release|x64.Build.0 = Release|x64
		{A5A1F20D-5523-405B-A2E0-6B2FEC2DBAB8}.Release|x86.ActiveCfg = Release|Win32
		{A5A1F20D-5523-405B-A2E0-6B2FEC2DBAB8}.Release|x86.Build.0 = Release|Win32
		{78EE4976-038F-456D-B536-626F07525F69}.Debug|x64.ActiveCfg = Debug|x64
		{78EE4976-038F-456D-B536-626F07525F69}.Debug|x64.Build.0 = Debug|x64
		{78EE4976-038F-456D-B536-626F07525F69}.Debug|x86.ActiveCfg = Debug|Win32
		{78EE4976-038F-456D-B536-626F07525F69}.Debug|x86.Build.0 = Debug|Win32
		{78EE4976-038F-456D-B536-626F07525F69}.Release|x64.ActiveCfg = Release|x64
		{78EE4976-038F-456D-B536-626F07525F69}.Release|x64.Build.0 = Release|x64
		{78EE4976-038F-456D-B536-626F07525F69}.Release|x86.ActiveCfg = Release|Win32
		{78EE4976-038F-456D-B536-626F07525F69}.Release|x86.Build.0 = Release|Win32
	EndGlobalSection
	GlobalSection(SolutionProperties) = preSolution
		HideSolutionNode = FALSE
	EndGlobalSection
	GlobalSection(NestedProjects) = preSolution
		{1B798634-5B0A-45E3-A2C9-716E234D8A3E} = {EF984419-9D56-4870-8EA5-C5F6C4771C21}
		{66923612-F4D2-4AF4-BD38-C75198B319D3} = {2599D0CC-1286-4EF1-A28C-13EC3FA7171D}
		{EACDFE60-EB14-485C-BC2B-8462826E8A27} = {EF984419-9D56-4870-8EA5-C5F6C4771C21}
		{C0126649-3AF4-4795-90F3-552B77869300} = {EF984419-9D56-4870-8EA5-C5F6C4771C21}
		{09EA0BAE-37E5-4164-A650-541B389C3B23} = {EF984419-9D56-4870-8EA5-C5F6C4771C21}
		{42F92D7B-90CE-4D03-8121-B2E109821246} = {EF984419-9D56-4870-8EA5-C5F6C4771C21}
		{A5A1F20D-5523-405B-A2E0-6B2FEC2DBAB8} = {EF984419-9D56-4870-8EA5-C5F6C4771C21}
		{78EE4976-038F-456D-B536-626F07525F69} = {EF984419-9D56-4870-8EA5-C5F6C4771C21}
	EndGlobalSection
	GlobalSection(ExtensibilityGlobals) = postSolution
		SolutionGuid = {0BF538B4-BCEC-4A58-B746-77637CB17606}
	EndGlobalSection
EndGlobal
